PODS:
  - Feature1 (0.1.0)
  - Feature2 (0.1.0):
    - Feature2/Service (= 0.1.0)
  - Feature2/Service (0.1.0):
    - Feature1
    - Feature3/Service
  - Feature3 (0.1.0):
    - Feature3/Service (= 0.1.0)
  - Feature3/Service (0.1.0):
    - UserSession/Service
  - UserSession (0.1.0):
    - UserSession/Service (= 0.1.0)
  - UserSession/Service (0.1.0)

DEPENDENCIES:
  - Feature1 (from `./DI/DevPods/Feature1/`)
  - Feature2 (from `./DI/DevPods/Feature2/`)
  - Feature3 (from `./DI/DevPods/Feature3/`)
  - UserSession (from `./DI/DevPods/UserSession/`)

EXTERNAL SOURCES:
  Feature1:
    :path: "./DI/DevPods/Feature1/"
  Feature2:
    :path: "./DI/DevPods/Feature2/"
  Feature3:
    :path: "./DI/DevPods/Feature3/"
  UserSession:
    :path: "./DI/DevPods/UserSession/"

SPEC CHECKSUMS:
  Feature1: 16fb3273adab59f0cfd87a4e40d2320a60d47bbd
  Feature2: 05b9bd4ab6397ea905034fad7f49b287953afff1
  Feature3: 75d4fe9d273d91bf8fd7734dd5aaceae7510cd30
  UserSession: f0ae6fe5cf15feb719e23996b16a46264d09af4e

PODFILE CHECKSUM: fe22ab3c5ac00b172cf8a66923cb8a2f2412d54b

COCOAPODS: 1.9.1
