PODS:
  - DICoordinator (0.1.0)
  - Feature1 (0.1.0):
    - DICoordinator
  - Feature2 (0.1.0):
    - DICoordinator
  - Feature3 (0.1.0):
    - UserSession
  - UserSession (0.1.0)

DEPENDENCIES:
  - DICoordinator (from `./DI/DevPods/DICoordinator/`)
  - Feature1 (from `./DI/DevPods/Feature1/`)
  - Feature2 (from `./DI/DevPods/Feature2/`)
  - Feature3 (from `./DI/DevPods/Feature3/`)
  - UserSession (from `./DI/DevPods/UserSession/`)

EXTERNAL SOURCES:
  DICoordinator:
    :path: "./DI/DevPods/DICoordinator/"
  Feature1:
    :path: "./DI/DevPods/Feature1/"
  Feature2:
    :path: "./DI/DevPods/Feature2/"
  Feature3:
    :path: "./DI/DevPods/Feature3/"
  UserSession:
    :path: "./DI/DevPods/UserSession/"

SPEC CHECKSUMS:
  DICoordinator: 4e8b6a65407ff01d8019b1e79d0a3064410a41a3
  Feature1: c59b89d1cc9394bf443e6560e6ad15cb6693578c
  Feature2: 595f9716e03f29fac8d3040f66a0a5e96d38ded1
  Feature3: 01c14130e731341320a89366cdc3d9f5297c7a35
  UserSession: bd6b2fd51b424f28a406187d3bc2ff8d28b26597

PODFILE CHECKSUM: 3aff9878398f25575200a3a41ae75fbe26901e9f

COCOAPODS: 1.9.1
